{
  "name": "tymeline",
  "version": "1.0.0",
  "lockfileVersion": 1,
  "requires": true,
  "dependencies": {
    "@types/node": {
      "version": "14.14.27",
      "resolved": "https://registry.npmjs.org/@types/node/-/node-14.14.27.tgz",
      "integrity": "sha512-Ecfmo4YDQPwuqTCl1yBxLV5ihKfRlkBmzUEDcfIRvDxOTGQEeikr317Ln7Gcv0tjA8dVgKI3rniqW2G1OyKDng==",
      "dev": true
    },
    "customhtmlbase": {
      "version": "1.0.8",
      "resolved": "https://registry.npmjs.org/customhtmlbase/-/customhtmlbase-1.0.8.tgz",
      "integrity": "sha512-MBm9ho1s9jwGPdUV5trWF/PlaQh4MHXb/S6HIwrRIh6S93FFBirMn3T7Kha5YNjZ5TBWqi27983RyWOB6wzk8A=="
    },
    "dayjs": {
      "version": "1.10.4",
      "resolved": "https://registry.npmjs.org/dayjs/-/dayjs-1.10.4.tgz",
      "integrity": "sha512-RI/Hh4kqRc1UKLOAf/T5zdMMX5DQIlDxwUe3wSyMMnEbGunnpENCdbUgM+dW7kXidZqCttBrmw7BhN4TMddkCw=="
    },
    "hammerjs": {
      "version": "2.0.8",
      "resolved": "https://registry.npmjs.org/hammerjs/-/hammerjs-2.0.8.tgz",
      "integrity": "sha1-BO93hiz/K7edMPdpIJWTAiK/YPE="
    },
    "typescript": {
      "version": "4.1.4",
      "resolved": "https://registry.npmjs.org/typescript/-/typescript-4.1.4.tgz",
      "integrity": "sha512-+Uru0t8qIRgjuCpiSPpfGuhHecMllk5Zsazj5LZvVsEStEjmIRRBZe+jHjGQvsgS7M1wONy2PQXd67EMyV6acg==",
      "dev": true
    }
  }
}
