{
  "name": "tymeline",
  "version": "1.0.0",
  "lockfileVersion": 1,
  "requires": true,
  "dependencies": {
    "customhtmlbase": {
      "version": "1.0.4",
      "resolved": "https://registry.npmjs.org/customhtmlbase/-/customhtmlbase-1.0.4.tgz",
      "integrity": "sha512-lTDl/Iisd/ECE/QhkKe1AYr8P2DQkefYgs/PshAT6B7jy769FcSWY/6bnbeZym+GFaGpT85Aa+dXnT12S+q7Fg=="
    },
    "typescript": {
      "version": "4.1.4",
      "resolved": "https://registry.npmjs.org/typescript/-/typescript-4.1.4.tgz",
      "integrity": "sha512-+Uru0t8qIRgjuCpiSPpfGuhHecMllk5Zsazj5LZvVsEStEjmIRRBZe+jHjGQvsgS7M1wONy2PQXd67EMyV6acg==",
      "dev": true
    }
  }
}
